
Microsoft Visual Studio Solution File, Format Version 12.00
# Visual Studio 14
VisualStudioVersion = 14.0.25123.0
MinimumVisualStudioVersion = 10.0.40219.1
Project("{FAE04EC0-301F-11D3-BF4B-00C04F79EFBC}") = "XamStore.Domain", "XamStore.Domain\XamStore.Domain.csproj", "{6B158D76-6B9C-4BC9-B080-3442F4D55E32}"
EndProject
Project("{FAE04EC0-301F-11D3-BF4B-00C04F79EFBC}") = "XamStore.Infrastructure", "XamStore.Infrastructure\XamStore.Infrastructure.csproj", "{EC86A869-D1CB-4DE4-9938-9ED2CEC82153}"
EndProject
Project("{FAE04EC0-301F-11D3-BF4B-00C04F79EFBC}") = "XamStore.ConsoleTeste", "XamStore.ConsoleTeste\XamStore.ConsoleTeste.csproj", "{4FF7287A-DBDA-40CB-ADB7-792B4CADA269}"
EndProject
Global
	GlobalSection(SolutionConfigurationPlatforms) = preSolution
		Debug|Any CPU = Debug|Any CPU
		Release|Any CPU = Release|Any CPU
	EndGlobalSection
	GlobalSection(ProjectConfigurationPlatforms) = postSolution
		{6B158D76-6B9C-4BC9-B080-3442F4D55E32}.Debug|Any CPU.ActiveCfg = Debug|Any CPU
		{6B158D76-6B9C-4BC9-B080-3442F4D55E32}.Debug|Any CPU.Build.0 = Debug|Any CPU
		{6B158D76-6B9C-4BC9-B080-3442F4D55E32}.Release|Any CPU.ActiveCfg = Release|Any CPU
		{6B158D76-6B9C-4BC9-B080-3442F4D55E32}.Release|Any CPU.Build.0 = Release|Any CPU
		{EC86A869-D1CB-4DE4-9938-9ED2CEC82153}.Debug|Any CPU.ActiveCfg = Debug|Any CPU
		{EC86A869-D1CB-4DE4-9938-9ED2CEC82153}.Debug|Any CPU.Build.0 = Debug|Any CPU
		{EC86A869-D1CB-4DE4-9938-9ED2CEC82153}.Release|Any CPU.ActiveCfg = Release|Any CPU
		{EC86A869-D1CB-4DE4-9938-9ED2CEC82153}.Release|Any CPU.Build.0 = Release|Any CPU
		{4FF7287A-DBDA-40CB-ADB7-792B4CADA269}.Debug|Any CPU.ActiveCfg = Debug|Any CPU
		{4FF7287A-DBDA-40CB-ADB7-792B4CADA269}.Debug|Any CPU.Build.0 = Debug|Any CPU
		{4FF7287A-DBDA-40CB-ADB7-792B4CADA269}.Release|Any CPU.ActiveCfg = Release|Any CPU
		{4FF7287A-DBDA-40CB-ADB7-792B4CADA269}.Release|Any CPU.Build.0 = Release|Any CPU
	EndGlobalSection
	GlobalSection(SolutionProperties) = preSolution
		HideSolutionNode = FALSE
	EndGlobalSection
EndGlobal
